// !$*UTF8*$!
{
	archiveVersion = 1;
	classes = {
	};
	objectVersion = 56;
	objects = {

/* Begin PBXBuildFile section */
		BB579D1928FD367F00F3FF71 /* DiamondKataApp.swift in Sources */ = {isa = PBXBuildFile; fileRef = BB579D1828FD367F00F3FF71 /* DiamondKataApp.swift */; };
		BB579D1B28FD367F00F3FF71 /* ContentView.swift in Sources */ = {isa = PBXBuildFile; fileRef = BB579D1A28FD367F00F3FF71 /* ContentView.swift */; };
		BB579D1D28FD368000F3FF71 /* Assets.xcassets in Resources */ = {isa = PBXBuildFile; fileRef = BB579D1C28FD368000F3FF71 /* Assets.xcassets */; };
		BB579D2028FD368000F3FF71 /* Preview Assets.xcassets in Resources */ = {isa = PBXBuildFile; fileRef = BB579D1F28FD368000F3FF71 /* Preview Assets.xcassets */; };
		BB579D2A28FD368000F3FF71 /* DiamondKataTests.swift in Sources */ = {isa = PBXBuildFile; fileRef = BB579D2928FD368000F3FF71 /* DiamondKataTests.swift */; };
		BB579D3428FD368000F3FF71 /* DiamondKataUITests.swift in Sources */ = {isa = PBXBuildFile; fileRef = BB579D3328FD368000F3FF71 /* DiamondKataUITests.swift */; };
		BB579D3628FD368000F3FF71 /* DiamondKataUITestsLaunchTests.swift in Sources */ = {isa = PBXBuildFile; fileRef = BB579D3528FD368000F3FF71 /* DiamondKataUITestsLaunchTests.swift */; };
/* End PBXBuildFile section */

/* Begin PBXContainerItemProxy section */
		BB579D2628FD368000F3FF71 /* PBXContainerItemProxy */ = {
			isa = PBXContainerItemProxy;
			containerPortal = BB579D0D28FD367F00F3FF71 /* Project object */;
			proxyType = 1;
			remoteGlobalIDString = BB579D1428FD367F00F3FF71;
			remoteInfo = DiamondKata;
		};
		BB579D3028FD368000F3FF71 /* PBXContainerItemProxy */ = {
			isa = PBXContainerItemProxy;
			containerPortal = BB579D0D28FD367F00F3FF71 /* Project object */;
			proxyType = 1;
			remoteGlobalIDString = BB579D1428FD367F00F3FF71;
			remoteInfo = DiamondKata;
		};
/* End PBXContainerItemProxy section */

/* Begin PBXFileReference section */
		BB579D1528FD367F00F3FF71 /* DiamondKata.app */ = {isa = PBXFileReference; explicitFileType = wrapper.application; includeInIndex = 0; path = DiamondKata.app; sourceTree = BUILT_PRODUCTS_DIR; };
		BB579D1828FD367F00F3FF71 /* DiamondKataApp.swift */ = {isa = PBXFileReference; lastKnownFileType = sourcecode.swift; path = DiamondKataApp.swift; sourceTree = "<group>"; };
		BB579D1A28FD367F00F3FF71 /* ContentView.swift */ = {isa = PBXFileReference; lastKnownFileType = sourcecode.swift; path = ContentView.swift; sourceTree = "<group>"; };
		BB579D1C28FD368000F3FF71 /* Assets.xcassets */ = {isa = PBXFileReference; lastKnownFileType = folder.assetcatalog; path = Assets.xcassets; sourceTree = "<group>"; };
		BB579D1F28FD368000F3FF71 /* Preview Assets.xcassets */ = {isa = PBXFileReference; lastKnownFileType = folder.assetcatalog; path = "Preview Assets.xcassets"; sourceTree = "<group>"; };
		BB579D2528FD368000F3FF71 /* DiamondKataTests.xctest */ = {isa = PBXFileReference; explicitFileType = wrapper.cfbundle; includeInIndex = 0; path = DiamondKataTests.xctest; sourceTree = BUILT_PRODUCTS_DIR; };
		BB579D2928FD368000F3FF71 /* DiamondKataTests.swift */ = {isa = PBXFileReference; lastKnownFileType = sourcecode.swift; path = DiamondKataTests.swift; sourceTree = "<group>"; };
		BB579D2F28FD368000F3FF71 /* DiamondKataUITests.xctest */ = {isa = PBXFileReference; explicitFileType = wrapper.cfbundle; includeInIndex = 0; path = DiamondKataUITests.xctest; sourceTree = BUILT_PRODUCTS_DIR; };
		BB579D3328FD368000F3FF71 /* DiamondKataUITests.swift */ = {isa = PBXFileReference; lastKnownFileType = sourcecode.swift; path = DiamondKataUITests.swift; sourceTree = "<group>"; };
		BB579D3528FD368000F3FF71 /* DiamondKataUITestsLaunchTests.swift */ = {isa = PBXFileReference; lastKnownFileType = sourcecode.swift; path = DiamondKataUITestsLaunchTests.swift; sourceTree = "<group>"; };
/* End PBXFileReference section */

/* Begin PBXFrameworksBuildPhase section */
		BB579D1228FD367F00F3FF71 /* Frameworks */ = {
			isa = PBXFrameworksBuildPhase;
			buildActionMask = 2147483647;
			files = (
			);
			runOnlyForDeploymentPostprocessing = 0;
		};
		BB579D2228FD368000F3FF71 /* Frameworks */ = {
			isa = PBXFrameworksBuildPhase;
			buildActionMask = 2147483647;
			files = (
			);
			runOnlyForDeploymentPostprocessing = 0;
		};
		BB579D2C28FD368000F3FF71 /* Frameworks */ = {
			isa = PBXFrameworksBuildPhase;
			buildActionMask = 2147483647;
			files = (
			);
			runOnlyForDeploymentPostprocessing = 0;
		};
/* End PBXFrameworksBuildPhase section */

/* Begin PBXGroup section */
		BB579D0C28FD367F00F3FF71 = {
			isa = PBXGroup;
			children = (
				BB579D1728FD367F00F3FF71 /* DiamondKata */,
				BB579D2828FD368000F3FF71 /* DiamondKataTests */,
				BB579D3228FD368000F3FF71 /* DiamondKataUITests */,
				BB579D1628FD367F00F3FF71 /* Products */,
			);
			sourceTree = "<group>";
		};
		BB579D1628FD367F00F3FF71 /* Products */ = {
			isa = PBXGroup;
			children = (
				BB579D1528FD367F00F3FF71 /* DiamondKata.app */,
				BB579D2528FD368000F3FF71 /* DiamondKataTests.xctest */,
				BB579D2F28FD368000F3FF71 /* DiamondKataUITests.xctest */,
			);
			name = Products;
			sourceTree = "<group>";
		};
		BB579D1728FD367F00F3FF71 /* DiamondKata */ = {
			isa = PBXGroup;
			children = (
				BB579D1828FD367F00F3FF71 /* DiamondKataApp.swift */,
				BB579D1A28FD367F00F3FF71 /* ContentView.swift */,
				BB579D1C28FD368000F3FF71 /* Assets.xcassets */,
				BB579D1E28FD368000F3FF71 /* Preview Content */,
			);
			path = DiamondKata;
			sourceTree = "<group>";
		};
		BB579D1E28FD368000F3FF71 /* Preview Content */ = {
			isa = PBXGroup;
			children = (
				BB579D1F28FD368000F3FF71 /* Preview Assets.xcassets */,
			);
			path = "Preview Content";
			sourceTree = "<group>";
		};
		BB579D2828FD368000F3FF71 /* DiamondKataTests */ = {
			isa = PBXGroup;
			children = (
				BB579D2928FD368000F3FF71 /* DiamondKataTests.swift */,
			);
			path = DiamondKataTests;
			sourceTree = "<group>";
		};
		BB579D3228FD368000F3FF71 /* DiamondKataUITests */ = {
			isa = PBXGroup;
			children = (
				BB579D3328FD368000F3FF71 /* DiamondKataUITests.swift */,
				BB579D3528FD368000F3FF71 /* DiamondKataUITestsLaunchTests.swift */,
			);
			path = DiamondKataUITests;
			sourceTree = "<group>";
		};
/* End PBXGroup section */

/* Begin PBXNativeTarget section */
		BB579D1428FD367F00F3FF71 /* DiamondKata */ = {
			isa = PBXNativeTarget;
			buildConfigurationList = BB579D3928FD368000F3FF71 /* Build configuration list for PBXNativeTarget "DiamondKata" */;
			buildPhases = (
				BB579D1128FD367F00F3FF71 /* Sources */,
				BB579D1228FD367F00F3FF71 /* Frameworks */,
				BB579D1328FD367F00F3FF71 /* Resources */,
			);
			buildRules = (
			);
			dependencies = (
			);
			name = DiamondKata;
			productName = DiamondKata;
			productReference = BB579D1528FD367F00F3FF71 /* DiamondKata.app */;
			productType = "com.apple.product-type.application";
		};
		BB579D2428FD368000F3FF71 /* DiamondKataTests */ = {
			isa = PBXNativeTarget;
			buildConfigurationList = BB579D3C28FD368000F3FF71 /* Build configuration list for PBXNativeTarget "DiamondKataTests" */;
			buildPhases = (
				BB579D2128FD368000F3FF71 /* Sources */,
				BB579D2228FD368000F3FF71 /* Frameworks */,
				BB579D2328FD368000F3FF71 /* Resources */,
			);
			buildRules = (
			);
			dependencies = (
				BB579D2728FD368000F3FF71 /* PBXTargetDependency */,
			);
			name = DiamondKataTests;
			productName = DiamondKataTests;
			productReference = BB579D2528FD368000F3FF71 /* DiamondKataTests.xctest */;
			productType = "com.apple.product-type.bundle.unit-test";
		};
		BB579D2E28FD368000F3FF71 /* DiamondKataUITests */ = {
			isa = PBXNativeTarget;
			buildConfigurationList = BB579D3F28FD368000F3FF71 /* Build configuration list for PBXNativeTarget "DiamondKataUITests" */;
			buildPhases = (
				BB579D2B28FD368000F3FF71 /* Sources */,
				BB579D2C28FD368000F3FF71 /* Frameworks */,
				BB579D2D28FD368000F3FF71 /* Resources */,
			);
			buildRules = (
			);
			dependencies = (
				BB579D3128FD368000F3FF71 /* PBXTargetDependency */,
			);
			name = DiamondKataUITests;
			productName = DiamondKataUITests;
			productReference = BB579D2F28FD368000F3FF71 /* DiamondKataUITests.xctest */;
			productType = "com.apple.product-type.bundle.ui-testing";
		};
/* End PBXNativeTarget section */

/* Begin PBXProject section */
		BB579D0D28FD367F00F3FF71 /* Project object */ = {
			isa = PBXProject;
			attributes = {
				BuildIndependentTargetsInParallel = 1;
				LastSwiftUpdateCheck = 1400;
				LastUpgradeCheck = 1400;
				TargetAttributes = {
					BB579D1428FD367F00F3FF71 = {
						CreatedOnToolsVersion = 14.0;
					};
					BB579D2428FD368000F3FF71 = {
						CreatedOnToolsVersion = 14.0;
						TestTargetID = BB579D1428FD367F00F3FF71;
					};
					BB579D2E28FD368000F3FF71 = {
						CreatedOnToolsVersion = 14.0;
						TestTargetID = BB579D1428FD367F00F3FF71;
					};
				};
			};
			buildConfigurationList = BB579D1028FD367F00F3FF71 /* Build configuration list for PBXProject "DiamondKata" */;
			compatibilityVersion = "Xcode 14.0";
			developmentRegion = en;
			hasScannedForEncodings = 0;
			knownRegions = (
				en,
				Base,
			);
			mainGroup = BB579D0C28FD367F00F3FF71;
			productRefGroup = BB579D1628FD367F00F3FF71 /* Products */;
			projectDirPath = "";
			projectRoot = "";
			targets = (
				BB579D1428FD367F00F3FF71 /* DiamondKata */,
				BB579D2428FD368000F3FF71 /* DiamondKataTests */,
				BB579D2E28FD368000F3FF71 /* DiamondKataUITests */,
			);
		};
/* End PBXProject section */

/* Begin PBXResourcesBuildPhase section */
		BB579D1328FD367F00F3FF71 /* Resources */ = {
			isa = PBXResourcesBuildPhase;
			buildActionMask = 2147483647;
			files = (
				BB579D2028FD368000F3FF71 /* Preview Assets.xcassets in Resources */,
				BB579D1D28FD368000F3FF71 /* Assets.xcassets in Resources */,
			);
			runOnlyForDeploymentPostprocessing = 0;
		};
		BB579D2328FD368000F3FF71 /* Resources */ = {
			isa = PBXResourcesBuildPhase;
			buildActionMask = 2147483647;
			files = (
			);
			runOnlyForDeploymentPostprocessing = 0;
		};
		BB579D2D28FD368000F3FF71 /* Resources */ = {
			isa = PBXResourcesBuildPhase;
			buildActionMask = 2147483647;
			files = (
			);
			runOnlyForDeploymentPostprocessing = 0;
		};
/* End PBXResourcesBuildPhase section */

/* Begin PBXSourcesBuildPhase section */
		BB579D1128FD367F00F3FF71 /* Sources */ = {
			isa = PBXSourcesBuildPhase;
			buildActionMask = 2147483647;
			files = (
				BB579D1B28FD367F00F3FF71 /* ContentView.swift in Sources */,
				BB579D1928FD367F00F3FF71 /* DiamondKataApp.swift in Sources */,
			);
			runOnlyForDeploymentPostprocessing = 0;
		};
		BB579D2128FD368000F3FF71 /* Sources */ = {
			isa = PBXSourcesBuildPhase;
			buildActionMask = 2147483647;
			files = (
				BB579D2A28FD368000F3FF71 /* DiamondKataTests.swift in Sources */,
			);
			runOnlyForDeploymentPostprocessing = 0;
		};
		BB579D2B28FD368000F3FF71 /* Sources */ = {
			isa = PBXSourcesBuildPhase;
			buildActionMask = 2147483647;
			files = (
				BB579D3628FD368000F3FF71 /* DiamondKataUITestsLaunchTests.swift in Sources */,
				BB579D3428FD368000F3FF71 /* DiamondKataUITests.swift in Sources */,
			);
			runOnlyForDeploymentPostprocessing = 0;
		};
/* End PBXSourcesBuildPhase section */

/* Begin PBXTargetDependency section */
		BB579D2728FD368000F3FF71 /* PBXTargetDependency */ = {
			isa = PBXTargetDependency;
			target = BB579D1428FD367F00F3FF71 /* DiamondKata */;
			targetProxy = BB579D2628FD368000F3FF71 /* PBXContainerItemProxy */;
		};
		BB579D3128FD368000F3FF71 /* PBXTargetDependency */ = {
			isa = PBXTargetDependency;
			target = BB579D1428FD367F00F3FF71 /* DiamondKata */;
			targetProxy = BB579D3028FD368000F3FF71 /* PBXContainerItemProxy */;
		};
/* End PBXTargetDependency section */

/* Begin XCBuildConfiguration section */
		BB579D3728FD368000F3FF71 /* Debug */ = {
			isa = XCBuildConfiguration;
			buildSettings = {
				ALWAYS_SEARCH_USER_PATHS = NO;
				CLANG_ANALYZER_NONNULL = YES;
				CLANG_ANALYZER_NUMBER_OBJECT_CONVERSION = YES_AGGRESSIVE;
				CLANG_CXX_LANGUAGE_STANDARD = "gnu++20";
				CLANG_ENABLE_MODULES = YES;
				CLANG_ENABLE_OBJC_ARC = YES;
				CLANG_ENABLE_OBJC_WEAK = YES;
				CLANG_WARN_BLOCK_CAPTURE_AUTORELEASING = YES;
				CLANG_WARN_BOOL_CONVERSION = YES;
				CLANG_WARN_COMMA = YES;
				CLANG_WARN_CONSTANT_CONVERSION = YES;
				CLANG_WARN_DEPRECATED_OBJC_IMPLEMENTATIONS = YES;
				CLANG_WARN_DIRECT_OBJC_ISA_USAGE = YES_ERROR;
				CLANG_WARN_DOCUMENTATION_COMMENTS = YES;
				CLANG_WARN_EMPTY_BODY = YES;
				CLANG_WARN_ENUM_CONVERSION = YES;
				CLANG_WARN_INFINITE_RECURSION = YES;
				CLANG_WARN_INT_CONVERSION = YES;
				CLANG_WARN_NON_LITERAL_NULL_CONVERSION = YES;
				CLANG_WARN_OBJC_IMPLICIT_RETAIN_SELF = YES;
				CLANG_WARN_OBJC_LITERAL_CONVERSION = YES;
				CLANG_WARN_OBJC_ROOT_CLASS = YES_ERROR;
				CLANG_WARN_QUOTED_INCLUDE_IN_FRAMEWORK_HEADER = YES;
				CLANG_WARN_RANGE_LOOP_ANALYSIS = YES;
				CLANG_WARN_STRICT_PROTOTYPES = YES;
				CLANG_WARN_SUSPICIOUS_MOVE = YES;
				CLANG_WARN_UNGUARDED_AVAILABILITY = YES_AGGRESSIVE;
				CLANG_WARN_UNREACHABLE_CODE = YES;
				CLANG_WARN__DUPLICATE_METHOD_MATCH = YES;
				COPY_PHASE_STRIP = NO;
				DEBUG_INFORMATION_FORMAT = dwarf;
				ENABLE_STRICT_OBJC_MSGSEND = YES;
				ENABLE_TESTABILITY = YES;
				GCC_C_LANGUAGE_STANDARD = gnu11;
				GCC_DYNAMIC_NO_PIC = NO;
				GCC_NO_COMMON_BLOCKS = YES;
				GCC_OPTIMIZATION_LEVEL = 0;
				GCC_PREPROCESSOR_DEFINITIONS = (
					"DEBUG=1",
					"$(inherited)",
				);
				GCC_WARN_64_TO_32_BIT_CONVERSION = YES;
				GCC_WARN_ABOUT_RETURN_TYPE = YES_ERROR;
				GCC_WARN_UNDECLARED_SELECTOR = YES;
				GCC_WARN_UNINITIALIZED_AUTOS = YES_AGGRESSIVE;
				GCC_WARN_UNUSED_FUNCTION = YES;
				GCC_WARN_UNUSED_VARIABLE = YES;
				IPHONEOS_DEPLOYMENT_TARGET = 16.0;
				MTL_ENABLE_DEBUG_INFO = INCLUDE_SOURCE;
				MTL_FAST_MATH = YES;
				ONLY_ACTIVE_ARCH = YES;
				SDKROOT = iphoneos;
				SWIFT_ACTIVE_COMPILATION_CONDITIONS = DEBUG;
				SWIFT_OPTIMIZATION_LEVEL = "-Onone";
			};
			name = Debug;
		};
		BB579D3828FD368000F3FF71 /* Release */ = {
			isa = XCBuildConfiguration;
			buildSettings = {
				ALWAYS_SEARCH_USER_PATHS = NO;
				CLANG_ANALYZER_NONNULL = YES;
				CLANG_ANALYZER_NUMBER_OBJECT_CONVERSION = YES_AGGRESSIVE;
				CLANG_CXX_LANGUAGE_STANDARD = "gnu++20";
				CLANG_ENABLE_MODULES = YES;
				CLANG_ENABLE_OBJC_ARC = YES;
				CLANG_ENABLE_OBJC_WEAK = YES;
				CLANG_WARN_BLOCK_CAPTURE_AUTORELEASING = YES;
				CLANG_WARN_BOOL_CONVERSION = YES;
				CLANG_WARN_COMMA = YES;
				CLANG_WARN_CONSTANT_CONVERSION = YES;
				CLANG_WARN_DEPRECATED_OBJC_IMPLEMENTATIONS = YES;
				CLANG_WARN_DIRECT_OBJC_ISA_USAGE = YES_ERROR;
				CLANG_WARN_DOCUMENTATION_COMMENTS = YES;
				CLANG_WARN_EMPTY_BODY = YES;
				CLANG_WARN_ENUM_CONVERSION = YES;
				CLANG_WARN_INFINITE_RECURSION = YES;
				CLANG_WARN_INT_CONVERSION = YES;
				CLANG_WARN_NON_LITERAL_NULL_CONVERSION = YES;
				CLANG_WARN_OBJC_IMPLICIT_RETAIN_SELF = YES;
				CLANG_WARN_OBJC_LITERAL_CONVERSION = YES;
				CLANG_WARN_OBJC_ROOT_CLASS = YES_ERROR;
				CLANG_WARN_QUOTED_INCLUDE_IN_FRAMEWORK_HEADER = YES;
				CLANG_WARN_RANGE_LOOP_ANALYSIS = YES;
				CLANG_WARN_STRICT_PROTOTYPES = YES;
				CLANG_WARN_SUSPICIOUS_MOVE = YES;
				CLANG_WARN_UNGUARDED_AVAILABILITY = YES_AGGRESSIVE;
				CLANG_WARN_UNREACHABLE_CODE = YES;
				CLANG_WARN__DUPLICATE_METHOD_MATCH = YES;
				COPY_PHASE_STRIP = NO;
				DEBUG_INFORMATION_FORMAT = "dwarf-with-dsym";
				ENABLE_NS_ASSERTIONS = NO;
				ENABLE_STRICT_OBJC_MSGSEND = YES;
				GCC_C_LANGUAGE_STANDARD = gnu11;
				GCC_NO_COMMON_BLOCKS = YES;
				GCC_WARN_64_TO_32_BIT_CONVERSION = YES;
				GCC_WARN_ABOUT_RETURN_TYPE = YES_ERROR;
				GCC_WARN_UNDECLARED_SELECTOR = YES;
				GCC_WARN_UNINITIALIZED_AUTOS = YES_AGGRESSIVE;
				GCC_WARN_UNUSED_FUNCTION = YES;
				GCC_WARN_UNUSED_VARIABLE = YES;
				IPHONEOS_DEPLOYMENT_TARGET = 16.0;
				MTL_ENABLE_DEBUG_INFO = NO;
				MTL_FAST_MATH = YES;
				SDKROOT = iphoneos;
				SWIFT_COMPILATION_MODE = wholemodule;
				SWIFT_OPTIMIZATION_LEVEL = "-O";
				VALIDATE_PRODUCT = YES;
			};
			name = Release;
		};
		BB579D3A28FD368000F3FF71 /* Debug */ = {
			isa = XCBuildConfiguration;
			buildSettings = {
				ASSETCATALOG_COMPILER_APPICON_NAME = AppIcon;
				ASSETCATALOG_COMPILER_GLOBAL_ACCENT_COLOR_NAME = AccentColor;
				CODE_SIGN_STYLE = Automatic;
				CURRENT_PROJECT_VERSION = 1;
				DEVELOPMENT_ASSET_PATHS = "\"DiamondKata/Preview Content\"";
				ENABLE_PREVIEWS = YES;
				GENERATE_INFOPLIST_FILE = YES;
				INFOPLIST_KEY_UIApplicationSceneManifest_Generation = YES;
				INFOPLIST_KEY_UIApplicationSupportsIndirectInputEvents = YES;
				INFOPLIST_KEY_UILaunchScreen_Generation = YES;
				INFOPLIST_KEY_UISupportedInterfaceOrientations_iPad = "UIInterfaceOrientationPortrait UIInterfaceOrientationPortraitUpsideDown UIInterfaceOrientationLandscapeLeft UIInterfaceOrientationLandscapeRight";
				INFOPLIST_KEY_UISupportedInterfaceOrientations_iPhone = "UIInterfaceOrientationPortrait UIInterfaceOrientationLandscapeLeft UIInterfaceOrientationLandscapeRight";
				LD_RUNPATH_SEARCH_PATHS = (
					"$(inherited)",
					"@executable_path/Frameworks",
				);
				MARKETING_VERSION = 1.0;
				PRODUCT_BUNDLE_IDENTIFIER = com.softserveinc.DiamondKata;
				PRODUCT_NAME = "$(TARGET_NAME)";
				SWIFT_EMIT_LOC_STRINGS = YES;
				SWIFT_VERSION = 5.0;
				TARGETED_DEVICE_FAMILY = "1,2";
			};
			name = Debug;
		};
		BB579D3B28FD368000F3FF71 /* Release */ = {
			isa = XCBuildConfiguration;
			buildSettings = {
				ASSETCATALOG_COMPILER_APPICON_NAME = AppIcon;
				ASSETCATALOG_COMPILER_GLOBAL_ACCENT_COLOR_NAME = AccentColor;
				CODE_SIGN_STYLE = Automatic;
				CURRENT_PROJECT_VERSION = 1;
				DEVELOPMENT_ASSET_PATHS = "\"DiamondKata/Preview Content\"";
				ENABLE_PREVIEWS = YES;
				GENERATE_INFOPLIST_FILE = YES;
				INFOPLIST_KEY_UIApplicationSceneManifest_Generation = YES;
				INFOPLIST_KEY_UIApplicationSupportsIndirectInputEvents = YES;
				INFOPLIST_KEY_UILaunchScreen_Generation = YES;
				INFOPLIST_KEY_UISupportedInterfaceOrientations_iPad = "UIInterfaceOrientationPortrait UIInterfaceOrientationPortraitUpsideDown UIInterfaceOrientationLandscapeLeft UIInterfaceOrientationLandscapeRight";
				INFOPLIST_KEY_UISupportedInterfaceOrientations_iPhone = "UIInterfaceOrientationPortrait UIInterfaceOrientationLandscapeLeft UIInterfaceOrientationLandscapeRight";
				LD_RUNPATH_SEARCH_PATHS = (
					"$(inherited)",
					"@executable_path/Frameworks",
				);
				MARKETING_VERSION = 1.0;
				PRODUCT_BUNDLE_IDENTIFIER = com.softserveinc.DiamondKata;
				PRODUCT_NAME = "$(TARGET_NAME)";
				SWIFT_EMIT_LOC_STRINGS = YES;
				SWIFT_VERSION = 5.0;
				TARGETED_DEVICE_FAMILY = "1,2";
			};
			name = Release;
		};
		BB579D3D28FD368000F3FF71 /* Debug */ = {
			isa = XCBuildConfiguration;
			buildSettings = {
				ALWAYS_EMBED_SWIFT_STANDARD_LIBRARIES = YES;
				BUNDLE_LOADER = "$(TEST_HOST)";
				CODE_SIGN_STYLE = Automatic;
				CURRENT_PROJECT_VERSION = 1;
				GENERATE_INFOPLIST_FILE = YES;
				IPHONEOS_DEPLOYMENT_TARGET = 16.0;
				MARKETING_VERSION = 1.0;
				PRODUCT_BUNDLE_IDENTIFIER = com.softserveinc.DiamondKataTests;
				PRODUCT_NAME = "$(TARGET_NAME)";
				SWIFT_EMIT_LOC_STRINGS = NO;
				SWIFT_VERSION = 5.0;
				TARGETED_DEVICE_FAMILY = "1,2";
				TEST_HOST = "$(BUILT_PRODUCTS_DIR)/DiamondKata.app/$(BUNDLE_EXECUTABLE_FOLDER_PATH)/DiamondKata";
			};
			name = Debug;
		};
		BB579D3E28FD368000F3FF71 /* Release */ = {
			isa = XCBuildConfiguration;
			buildSettings = {
				ALWAYS_EMBED_SWIFT_STANDARD_LIBRARIES = YES;
				BUNDLE_LOADER = "$(TEST_HOST)";
				CODE_SIGN_STYLE = Automatic;
				CURRENT_PROJECT_VERSION = 1;
				GENERATE_INFOPLIST_FILE = YES;
				IPHONEOS_DEPLOYMENT_TARGET = 16.0;
				MARKETING_VERSION = 1.0;
				PRODUCT_BUNDLE_IDENTIFIER = com.softserveinc.DiamondKataTests;
				PRODUCT_NAME = "$(TARGET_NAME)";
				SWIFT_EMIT_LOC_STRINGS = NO;
				SWIFT_VERSION = 5.0;
				TARGETED_DEVICE_FAMILY = "1,2";
				TEST_HOST = "$(BUILT_PRODUCTS_DIR)/DiamondKata.app/$(BUNDLE_EXECUTABLE_FOLDER_PATH)/DiamondKata";
			};
			name = Release;
		};
		BB579D4028FD368000F3FF71 /* Debug */ = {
			isa = XCBuildConfiguration;
			buildSettings = {
				ALWAYS_EMBED_SWIFT_STANDARD_LIBRARIES = YES;
				CODE_SIGN_STYLE = Automatic;
				CURRENT_PROJECT_VERSION = 1;
				GENERATE_INFOPLIST_FILE = YES;
				MARKETING_VERSION = 1.0;
				PRODUCT_BUNDLE_IDENTIFIER = com.softserveinc.DiamondKataUITests;
				PRODUCT_NAME = "$(TARGET_NAME)";
				SWIFT_EMIT_LOC_STRINGS = NO;
				SWIFT_VERSION = 5.0;
				TARGETED_DEVICE_FAMILY = "1,2";
				TEST_TARGET_NAME = DiamondKata;
			};
			name = Debug;
		};
		BB579D4128FD368000F3FF71 /* Release */ = {
			isa = XCBuildConfiguration;
			buildSettings = {
				ALWAYS_EMBED_SWIFT_STANDARD_LIBRARIES = YES;
				CODE_SIGN_STYLE = Automatic;
				CURRENT_PROJECT_VERSION = 1;
				GENERATE_INFOPLIST_FILE = YES;
				MARKETING_VERSION = 1.0;
				PRODUCT_BUNDLE_IDENTIFIER = com.softserveinc.DiamondKataUITests;
				PRODUCT_NAME = "$(TARGET_NAME)";
				SWIFT_EMIT_LOC_STRINGS = NO;
				SWIFT_VERSION = 5.0;
				TARGETED_DEVICE_FAMILY = "1,2";
				TEST_TARGET_NAME = DiamondKata;
			};
			name = Release;
		};
/* End XCBuildConfiguration section */

/* Begin XCConfigurationList section */
		BB579D1028FD367F00F3FF71 /* Build configuration list for PBXProject "DiamondKata" */ = {
			isa = XCConfigurationList;
			buildConfigurations = (
				BB579D3728FD368000F3FF71 /* Debug */,
				BB579D3828FD368000F3FF71 /* Release */,
			);
			defaultConfigurationIsVisible = 0;
			defaultConfigurationName = Release;
		};
		BB579D3928FD368000F3FF71 /* Build configuration list for PBXNativeTarget "DiamondKata" */ = {
			isa = XCConfigurationList;
			buildConfigurations = (
				BB579D3A28FD368000F3FF71 /* Debug */,
				BB579D3B28FD368000F3FF71 /* Release */,
			);
			defaultConfigurationIsVisible = 0;
			defaultConfigurationName = Release;
		};
		BB579D3C28FD368000F3FF71 /* Build configuration list for PBXNativeTarget "DiamondKataTests" */ = {
			isa = XCConfigurationList;
			buildConfigurations = (
				BB579D3D28FD368000F3FF71 /* Debug */,
				BB579D3E28FD368000F3FF71 /* Release */,
			);
			defaultConfigurationIsVisible = 0;
			defaultConfigurationName = Release;
		};
		BB579D3F28FD368000F3FF71 /* Build configuration list for PBXNativeTarget "DiamondKataUITests" */ = {
			isa = XCConfigurationList;
			buildConfigurations = (
				BB579D4028FD368000F3FF71 /* Debug */,
				BB579D4128FD368000F3FF71 /* Release */,
			);
			defaultConfigurationIsVisible = 0;
			defaultConfigurationName = Release;
		};
/* End XCConfigurationList section */
	};
	rootObject = BB579D0D28FD367F00F3FF71 /* Project object */;
}
